
Microsoft Visual Studio Solution File, Format Version 12.00
# Visual Studio Version 17
VisualStudioVersion = 17.11.35208.52
MinimumVisualStudioVersion = 10.0.40219.1
Project("{9A19103F-16F7-4668-BE54-9A1E7A4F7556}") = "RentalCarManager", "RentalCarManager\RentalCarManager.csproj", "{ACF108E3-BD6D-461D-A690-B9EFE6D0C9CC}"
EndProject
Global
	GlobalSection(SolutionConfigurationPlatforms) = preSolution
		Debug|Any CPU = Debug|Any CPU
		Release|Any CPU = Release|Any CPU
	EndGlobalSection
	GlobalSection(ProjectConfigurationPlatforms) = postSolution
		{ACF108E3-BD6D-461D-A690-B9EFE6D0C9CC}.Debug|Any CPU.ActiveCfg = Release|Any CPU
		{ACF108E3-BD6D-461D-A690-B9EFE6D0C9CC}.Debug|Any CPU.Build.0 = Release|Any CPU
		{ACF108E3-BD6D-461D-A690-B9EFE6D0C9CC}.Release|Any CPU.ActiveCfg = Release|Any CPU
		{ACF108E3-BD6D-461D-A690-B9EFE6D0C9CC}.Release|Any CPU.Build.0 = Release|Any CPU
	EndGlobalSection
	GlobalSection(SolutionProperties) = preSolution
		HideSolutionNode = FALSE
	EndGlobalSection
	GlobalSection(ExtensibilityGlobals) = postSolution
		SolutionGuid = {92A3C32A-7608-4560-95EE-D5D43DE9952D}
	EndGlobalSection
EndGlobal
